
Microsoft Visual Studio Solution File, Format Version 12.00
# Visual Studio Version 17
VisualStudioVersion = 17.5.33530.505
MinimumVisualStudioVersion = 10.0.40219.1
Project("{FAE04EC0-301F-11D3-BF4B-00C04F79EFBC}") = "WebApplication1", "WebApplication1\WebApplication1.csproj", "{5F80DA96-4D11-4541-8AA4-934D2690F6E5}"
EndProject
Project("{2150E333-8FDC-42A3-9474-1A3956D46DE8}") = "RabbitMQ 封装", "RabbitMQ 封装", "{5BF96EC4-1646-4307-BA57-B698A52BBA06}"
EndProject
Project("{FAE04EC0-301F-11D3-BF4B-00C04F79EFBC}") = "MyRabbitMQLib", "MyRabbitMQLib\MyRabbitMQLib.csproj", "{7E68CEE4-142D-469A-BE9E-EC4246EB5C07}"
EndProject
Global
	GlobalSection(SolutionConfigurationPlatforms) = preSolution
		Debug|Any CPU = Debug|Any CPU
		Release|Any CPU = Release|Any CPU
	EndGlobalSection
	GlobalSection(ProjectConfigurationPlatforms) = postSolution
		{5F80DA96-4D11-4541-8AA4-934D2690F6E5}.Debug|Any CPU.ActiveCfg = Debug|Any CPU
		{5F80DA96-4D11-4541-8AA4-934D2690F6E5}.Debug|Any CPU.Build.0 = Debug|Any CPU
		{5F80DA96-4D11-4541-8AA4-934D2690F6E5}.Release|Any CPU.ActiveCfg = Release|Any CPU
		{5F80DA96-4D11-4541-8AA4-934D2690F6E5}.Release|Any CPU.Build.0 = Release|Any CPU
		{7E68CEE4-142D-469A-BE9E-EC4246EB5C07}.Debug|Any CPU.ActiveCfg = Debug|Any CPU
		{7E68CEE4-142D-469A-BE9E-EC4246EB5C07}.Debug|Any CPU.Build.0 = Debug|Any CPU
		{7E68CEE4-142D-469A-BE9E-EC4246EB5C07}.Release|Any CPU.ActiveCfg = Release|Any CPU
		{7E68CEE4-142D-469A-BE9E-EC4246EB5C07}.Release|Any CPU.Build.0 = Release|Any CPU
	EndGlobalSection
	GlobalSection(SolutionProperties) = preSolution
		HideSolutionNode = FALSE
	EndGlobalSection
	GlobalSection(NestedProjects) = preSolution
		{5F80DA96-4D11-4541-8AA4-934D2690F6E5} = {5BF96EC4-1646-4307-BA57-B698A52BBA06}
		{7E68CEE4-142D-469A-BE9E-EC4246EB5C07} = {5BF96EC4-1646-4307-BA57-B698A52BBA06}
	EndGlobalSection
	GlobalSection(ExtensibilityGlobals) = postSolution
		SolutionGuid = {850B902A-56CB-437A-9480-87AE293F1173}
	EndGlobalSection
EndGlobal
